
Microsoft Visual Studio Solution File, Format Version 12.00
# Visual Studio Version 17
VisualStudioVersion = 17.0.32002.185
MinimumVisualStudioVersion = 10.0.40219.1
Project("{9A19103F-16F7-4668-BE54-9A1E7A4F7556}") = "Coderanger.ImageInfo", "Coderanger.ImageInfo.csproj", "{94801F12-4B59-449A-BCF7-E895C1C68325}"
EndProject
Project("{9A19103F-16F7-4668-BE54-9A1E7A4F7556}") = "Coderanger.ImageInfo.Tests", "Tests\Coderanger.ImageInfo.Tests.csproj", "{AADB618D-A677-4F5B-A5C8-6DCA605D2B0E}"
EndProject
Global
	GlobalSection(SolutionConfigurationPlatforms) = preSolution
		Debug|Any CPU = Debug|Any CPU
		Release|Any CPU = Release|Any CPU
	EndGlobalSection
	GlobalSection(ProjectConfigurationPlatforms) = postSolution
		{94801F12-4B59-449A-BCF7-E895C1C68325}.Debug|Any CPU.ActiveCfg = Debug|Any CPU
		{94801F12-4B59-449A-BCF7-E895C1C68325}.Debug|Any CPU.Build.0 = Debug|Any CPU
		{94801F12-4B59-449A-BCF7-E895C1C68325}.Release|Any CPU.ActiveCfg = Release|Any CPU
		{94801F12-4B59-449A-BCF7-E895C1C68325}.Release|Any CPU.Build.0 = Release|Any CPU
		{AADB618D-A677-4F5B-A5C8-6DCA605D2B0E}.Debug|Any CPU.ActiveCfg = Debug|Any CPU
		{AADB618D-A677-4F5B-A5C8-6DCA605D2B0E}.Debug|Any CPU.Build.0 = Debug|Any CPU
		{AADB618D-A677-4F5B-A5C8-6DCA605D2B0E}.Release|Any CPU.ActiveCfg = Release|Any CPU
		{AADB618D-A677-4F5B-A5C8-6DCA605D2B0E}.Release|Any CPU.Build.0 = Release|Any CPU
	EndGlobalSection
	GlobalSection(SolutionProperties) = preSolution
		HideSolutionNode = FALSE
	EndGlobalSection
	GlobalSection(ExtensibilityGlobals) = postSolution
		SolutionGuid = {B7569653-C5D9-4F71-B8C0-94E2AE4FE2BD}
	EndGlobalSection
EndGlobal
